
Microsoft Visual Studio Solution File, Format Version 12.00
# Visual Studio Version 17
VisualStudioVersion = 17.5.33424.131
MinimumVisualStudioVersion = 10.0.40219.1
Project("{FAE04EC0-301F-11D3-BF4B-00C04F79EFBC}") = "heranca-m", "heranca-m\heranca-m.csproj", "{877C9051-8C85-4DF3-B1EB-275EDADA82FF}"
EndProject
Global
	GlobalSection(SolutionConfigurationPlatforms) = preSolution
		Debug|Any CPU = Debug|Any CPU
		Release|Any CPU = Release|Any CPU
	EndGlobalSection
	GlobalSection(ProjectConfigurationPlatforms) = postSolution
		{877C9051-8C85-4DF3-B1EB-275EDADA82FF}.Debug|Any CPU.ActiveCfg = Debug|Any CPU
		{877C9051-8C85-4DF3-B1EB-275EDADA82FF}.Debug|Any CPU.Build.0 = Debug|Any CPU
		{877C9051-8C85-4DF3-B1EB-275EDADA82FF}.Release|Any CPU.ActiveCfg = Release|Any CPU
		{877C9051-8C85-4DF3-B1EB-275EDADA82FF}.Release|Any CPU.Build.0 = Release|Any CPU
	EndGlobalSection
	GlobalSection(SolutionProperties) = preSolution
		HideSolutionNode = FALSE
	EndGlobalSection
	GlobalSection(ExtensibilityGlobals) = postSolution
		SolutionGuid = {C0DEF428-6895-44C8-92A0-7773EC035970}
	EndGlobalSection
EndGlobal
